schema_version: '1.0'
metadata_version: '1.0'
source_of_truth: true
generated_from: null
kind: derived
target_sha: 1da4d51697d02910c9e3d0501fa86419849c13d2
mold_release:
  repository: danzeroum/project
  tag: v1.1.0
  commit_sha: 5eff98bceb4150d329f528288c87d02fba4656f9
  manifest_path: harness/releases/v1.1.0.manifest.json
  manifest_sha: da8b95cddce1a6117aebd95ad0364cf209026c17b48a13db19d2657e2bd29aea
